
Microsoft Visual Studio Solution File, Format Version 12.00
# Visual Studio Version 16
VisualStudioVersion = 16.0.31702.278
MinimumVisualStudioVersion = 10.0.40219.1
Project("{FAE04EC0-301F-11D3-BF4B-00C04F79EFBC}") = "ClassLibraryPassword", "ClassLibraryPassword\ClassLibraryPassword.csproj", "{FCA32643-377D-4FE0-A32C-1B179F0F446C}"
EndProject
Project("{FAE04EC0-301F-11D3-BF4B-00C04F79EFBC}") = "ClassLibraryPasswordTests", "ClassLibraryPasswordTests1\ClassLibraryPasswordTests.csproj", "{066AD144-0E2F-417F-A4CD-80A642A0CFB9}"
EndProject
Global
	GlobalSection(SolutionConfigurationPlatforms) = preSolution
		Debug|Any CPU = Debug|Any CPU
		Release|Any CPU = Release|Any CPU
	EndGlobalSection
	GlobalSection(ProjectConfigurationPlatforms) = postSolution
		{FCA32643-377D-4FE0-A32C-1B179F0F446C}.Debug|Any CPU.ActiveCfg = Debug|Any CPU
		{FCA32643-377D-4FE0-A32C-1B179F0F446C}.Debug|Any CPU.Build.0 = Debug|Any CPU
		{FCA32643-377D-4FE0-A32C-1B179F0F446C}.Release|Any CPU.ActiveCfg = Release|Any CPU
		{FCA32643-377D-4FE0-A32C-1B179F0F446C}.Release|Any CPU.Build.0 = Release|Any CPU
		{066AD144-0E2F-417F-A4CD-80A642A0CFB9}.Debug|Any CPU.ActiveCfg = Debug|Any CPU
		{066AD144-0E2F-417F-A4CD-80A642A0CFB9}.Debug|Any CPU.Build.0 = Debug|Any CPU
		{066AD144-0E2F-417F-A4CD-80A642A0CFB9}.Release|Any CPU.ActiveCfg = Release|Any CPU
		{066AD144-0E2F-417F-A4CD-80A642A0CFB9}.Release|Any CPU.Build.0 = Release|Any CPU
	EndGlobalSection
	GlobalSection(SolutionProperties) = preSolution
		HideSolutionNode = FALSE
	EndGlobalSection
	GlobalSection(ExtensibilityGlobals) = postSolution
		SolutionGuid = {EADE6326-4E8B-4C69-827D-DBE2CB9B26ED}
	EndGlobalSection
EndGlobal
